
Microsoft Visual Studio Solution File, Format Version 12.00
# Visual Studio Version 17
VisualStudioVersion = 17.2.32505.173
MinimumVisualStudioVersion = 10.0.40219.1
Project("{FAE04EC0-301F-11D3-BF4B-00C04F79EFBC}") = "AlgorithmPrograms", "AlgorithmPrograms\AlgorithmPrograms.csproj", "{BA6DEF26-ACD6-46E4-8847-FD9DB129ECFD}"
EndProject
Global
	GlobalSection(SolutionConfigurationPlatforms) = preSolution
		Debug|Any CPU = Debug|Any CPU
		Release|Any CPU = Release|Any CPU
	EndGlobalSection
	GlobalSection(ProjectConfigurationPlatforms) = postSolution
		{BA6DEF26-ACD6-46E4-8847-FD9DB129ECFD}.Debug|Any CPU.ActiveCfg = Debug|Any CPU
		{BA6DEF26-ACD6-46E4-8847-FD9DB129ECFD}.Debug|Any CPU.Build.0 = Debug|Any CPU
		{BA6DEF26-ACD6-46E4-8847-FD9DB129ECFD}.Release|Any CPU.ActiveCfg = Release|Any CPU
		{BA6DEF26-ACD6-46E4-8847-FD9DB129ECFD}.Release|Any CPU.Build.0 = Release|Any CPU
	EndGlobalSection
	GlobalSection(SolutionProperties) = preSolution
		HideSolutionNode = FALSE
	EndGlobalSection
	GlobalSection(ExtensibilityGlobals) = postSolution
		SolutionGuid = {FB318510-024C-4F1C-A84B-164964C18048}
	EndGlobalSection
EndGlobal
